<?xml version="1.0" encoding="UTF-8"?>
<CodeBlocks_project_file>
	<FileVersion major="1" minor="6"/>
	<Project>
		<Option title="emulationstation"/>
		<Option makefile_is_custom="1"/>
		<Option compiler="gcc"/>
		<Option virtualFolders="CMake Files\;CMake Files\es-core\;CMake Files\es-app\;CMake Files\CMake\;CMake Files\CMake\Packages\;CMake Files\CMake\Utils\;CMake Files\external\;CMake Files\external\nanosvg\;CMake Files\external\pugixml\;"/>
		<Build>
			<Target title="all">
				<Option working_dir="/home/andy/workspace/EmulationStation/es-app"/>
				<Option type="4"/>
				<MakeCommands>
					<Build command="/usr/bin/make -f &quot;/home/andy/workspace/EmulationStation/es-app/Makefile&quot;  VERBOSE=1 all"/>
					<CompileFile command="/usr/bin/make -f &quot;/home/andy/workspace/EmulationStation/es-app/Makefile&quot;  VERBOSE=1 &quot;$file&quot;"/>
					<Clean command="/usr/bin/make -f &quot;/home/andy/workspace/EmulationStation/es-app/Makefile&quot;  VERBOSE=1 clean"/>
					<DistClean command="/usr/bin/make -f &quot;/home/andy/workspace/EmulationStation/es-app/Makefile&quot;  VERBOSE=1 clean"/>
				</MakeCommands>
			</Target>
			<Target title="emulationstation">
				<Option output="/home/andy/workspace/EmulationStation/emulationstation" prefix_auto="0" extension_auto="0"/>
				<Option working_dir="/home/andy/workspace/EmulationStation"/>
				<Option object_output="./"/>
				<Option type="1"/>
				<Option compiler="gcc"/>
				<Compiler>
					<Add option="-DUSE_OPENGL_DESKTOP"/>
					<Add option="-DEIGEN_DONT_ALIGN"/>
					<Add directory="/usr/include/freetype2"/>
					<Add directory="/usr/include/x86_64-linux-gnu/freetype2"/>
					<Add directory="/usr/include/SDL2"/>
					<Add directory="/usr/include/eigen3"/>
					<Add directory="/usr/include/vlc"/>
					<Add directory="/home/andy/workspace/EmulationStation/external"/>
					<Add directory="/home/andy/workspace/EmulationStation/es-core/src"/>
					<Add directory="/home/andy/workspace/EmulationStation/es-app/src"/>
					<Add directory="/usr/lib/gcc/x86_64-linux-gnu/5/include"/>
					<Add directory="/usr/local/include"/>
					<Add directory="/usr/lib/gcc/x86_64-linux-gnu/5/include-fixed"/>
					<Add directory="/usr/include/x86_64-linux-gnu"/>
					<Add directory="/usr/include"/>
					<Add directory="/usr/include/c++/5"/>
					<Add directory="/usr/include/x86_64-linux-gnu/c++/5"/>
					<Add directory="/usr/include/c++/5/backward"/>
				</Compiler>
				<MakeCommands>
					<Build command="/usr/bin/make -f &quot;/home/andy/workspace/EmulationStation/es-app/Makefile&quot;  VERBOSE=1 emulationstation"/>
					<CompileFile command="/usr/bin/make -f &quot;/home/andy/workspace/EmulationStation/es-app/Makefile&quot;  VERBOSE=1 &quot;$file&quot;"/>
					<Clean command="/usr/bin/make -f &quot;/home/andy/workspace/EmulationStation/es-app/Makefile&quot;  VERBOSE=1 clean"/>
					<DistClean command="/usr/bin/make -f &quot;/home/andy/workspace/EmulationStation/es-app/Makefile&quot;  VERBOSE=1 clean"/>
				</MakeCommands>
			</Target>
			<Target title="emulationstation/fast">
				<Option output="/home/andy/workspace/EmulationStation/emulationstation" prefix_auto="0" extension_auto="0"/>
				<Option working_dir="/home/andy/workspace/EmulationStation"/>
				<Option object_output="./"/>
				<Option type="1"/>
				<Option compiler="gcc"/>
				<Compiler>
					<Add option="-DUSE_OPENGL_DESKTOP"/>
					<Add option="-DEIGEN_DONT_ALIGN"/>
					<Add directory="/usr/include/freetype2"/>
					<Add directory="/usr/include/x86_64-linux-gnu/freetype2"/>
					<Add directory="/usr/include/SDL2"/>
					<Add directory="/usr/include/eigen3"/>
					<Add directory="/usr/include/vlc"/>
					<Add directory="/home/andy/workspace/EmulationStation/external"/>
					<Add directory="/home/andy/workspace/EmulationStation/es-core/src"/>
					<Add directory="/home/andy/workspace/EmulationStation/es-app/src"/>
					<Add directory="/usr/lib/gcc/x86_64-linux-gnu/5/include"/>
					<Add directory="/usr/local/include"/>
					<Add directory="/usr/lib/gcc/x86_64-linux-gnu/5/include-fixed"/>
					<Add directory="/usr/include/x86_64-linux-gnu"/>
					<Add directory="/usr/include"/>
					<Add directory="/usr/include/c++/5"/>
					<Add directory="/usr/include/x86_64-linux-gnu/c++/5"/>
					<Add directory="/usr/include/c++/5/backward"/>
				</Compiler>
				<MakeCommands>
					<Build command="/usr/bin/make -f &quot;/home/andy/workspace/EmulationStation/es-app/Makefile&quot;  VERBOSE=1 emulationstation/fast"/>
					<CompileFile command="/usr/bin/make -f &quot;/home/andy/workspace/EmulationStation/es-app/Makefile&quot;  VERBOSE=1 &quot;$file&quot;"/>
					<Clean command="/usr/bin/make -f &quot;/home/andy/workspace/EmulationStation/es-app/Makefile&quot;  VERBOSE=1 clean"/>
					<DistClean command="/usr/bin/make -f &quot;/home/andy/workspace/EmulationStation/es-app/Makefile&quot;  VERBOSE=1 clean"/>
				</MakeCommands>
			</Target>
		</Build>
		<Unit filename="/home/andy/workspace/EmulationStation/es-app/src/EmulationStation.h">
			<Option target="emulationstation"/>
		</Unit>
		<Unit filename="/home/andy/workspace/EmulationStation/es-app/src/FileData.cpp">
			<Option target="emulationstation"/>
		</Unit>
		<Unit filename="/home/andy/workspace/EmulationStation/es-app/src/FileData.h">
			<Option target="emulationstation"/>
		</Unit>
		<Unit filename="/home/andy/workspace/EmulationStation/es-app/src/FileSorts.cpp">
			<Option target="emulationstation"/>
		</Unit>
		<Unit filename="/home/andy/workspace/EmulationStation/es-app/src/FileSorts.h">
			<Option target="emulationstation"/>
		</Unit>
		<Unit filename="/home/andy/workspace/EmulationStation/es-app/src/Gamelist.cpp">
			<Option target="emulationstation"/>
		</Unit>
		<Unit filename="/home/andy/workspace/EmulationStation/es-app/src/Gamelist.h">
			<Option target="emulationstation"/>
		</Unit>
		<Unit filename="/home/andy/workspace/EmulationStation/es-app/src/MameNameMap.cpp">
			<Option target="emulationstation"/>
		</Unit>
		<Unit filename="/home/andy/workspace/EmulationStation/es-app/src/MetaData.cpp">
			<Option target="emulationstation"/>
		</Unit>
		<Unit filename="/home/andy/workspace/EmulationStation/es-app/src/MetaData.h">
			<Option target="emulationstation"/>
		</Unit>
		<Unit filename="/home/andy/workspace/EmulationStation/es-app/src/PlatformId.cpp">
			<Option target="emulationstation"/>
		</Unit>
		<Unit filename="/home/andy/workspace/EmulationStation/es-app/src/PlatformId.h">
			<Option target="emulationstation"/>
		</Unit>
		<Unit filename="/home/andy/workspace/EmulationStation/es-app/src/ScraperCmdLine.cpp">
			<Option target="emulationstation"/>
		</Unit>
		<Unit filename="/home/andy/workspace/EmulationStation/es-app/src/ScraperCmdLine.h">
			<Option target="emulationstation"/>
		</Unit>
		<Unit filename="/home/andy/workspace/EmulationStation/es-app/src/SystemData.cpp">
			<Option target="emulationstation"/>
		</Unit>
		<Unit filename="/home/andy/workspace/EmulationStation/es-app/src/SystemData.h">
			<Option target="emulationstation"/>
		</Unit>
		<Unit filename="/home/andy/workspace/EmulationStation/es-app/src/VolumeControl.cpp">
			<Option target="emulationstation"/>
		</Unit>
		<Unit filename="/home/andy/workspace/EmulationStation/es-app/src/VolumeControl.h">
			<Option target="emulationstation"/>
		</Unit>
		<Unit filename="/home/andy/workspace/EmulationStation/es-app/src/animations/LaunchAnimation.h">
			<Option target="emulationstation"/>
		</Unit>
		<Unit filename="/home/andy/workspace/EmulationStation/es-app/src/animations/MoveCameraAnimation.h">
			<Option target="emulationstation"/>
		</Unit>
		<Unit filename="/home/andy/workspace/EmulationStation/es-app/src/components/AsyncReqComponent.cpp">
			<Option target="emulationstation"/>
		</Unit>
		<Unit filename="/home/andy/workspace/EmulationStation/es-app/src/components/AsyncReqComponent.h">
			<Option target="emulationstation"/>
		</Unit>
		<Unit filename="/home/andy/workspace/EmulationStation/es-app/src/components/RatingComponent.cpp">
			<Option target="emulationstation"/>
		</Unit>
		<Unit filename="/home/andy/workspace/EmulationStation/es-app/src/components/RatingComponent.h">
			<Option target="emulationstation"/>
		</Unit>
		<Unit filename="/home/andy/workspace/EmulationStation/es-app/src/components/ScraperSearchComponent.cpp">
			<Option target="emulationstation"/>
		</Unit>
		<Unit filename="/home/andy/workspace/EmulationStation/es-app/src/components/ScraperSearchComponent.h">
			<Option target="emulationstation"/>
		</Unit>
		<Unit filename="/home/andy/workspace/EmulationStation/es-app/src/components/TextListComponent.h">
			<Option target="emulationstation"/>
		</Unit>
		<Unit filename="/home/andy/workspace/EmulationStation/es-app/src/guis/GuiFastSelect.cpp">
			<Option target="emulationstation"/>
		</Unit>
		<Unit filename="/home/andy/workspace/EmulationStation/es-app/src/guis/GuiFastSelect.h">
			<Option target="emulationstation"/>
		</Unit>
		<Unit filename="/home/andy/workspace/EmulationStation/es-app/src/guis/GuiGameScraper.cpp">
			<Option target="emulationstation"/>
		</Unit>
		<Unit filename="/home/andy/workspace/EmulationStation/es-app/src/guis/GuiGameScraper.h">
			<Option target="emulationstation"/>
		</Unit>
		<Unit filename="/home/andy/workspace/EmulationStation/es-app/src/guis/GuiGamelistOptions.cpp">
			<Option target="emulationstation"/>
		</Unit>
		<Unit filename="/home/andy/workspace/EmulationStation/es-app/src/guis/GuiGamelistOptions.h">
			<Option target="emulationstation"/>
		</Unit>
		<Unit filename="/home/andy/workspace/EmulationStation/es-app/src/guis/GuiMenu.cpp">
			<Option target="emulationstation"/>
		</Unit>
		<Unit filename="/home/andy/workspace/EmulationStation/es-app/src/guis/GuiMenu.h">
			<Option target="emulationstation"/>
		</Unit>
		<Unit filename="/home/andy/workspace/EmulationStation/es-app/src/guis/GuiMetaDataEd.cpp">
			<Option target="emulationstation"/>
		</Unit>
		<Unit filename="/home/andy/workspace/EmulationStation/es-app/src/guis/GuiMetaDataEd.h">
			<Option target="emulationstation"/>
		</Unit>
		<Unit filename="/home/andy/workspace/EmulationStation/es-app/src/guis/GuiScraperMulti.cpp">
			<Option target="emulationstation"/>
		</Unit>
		<Unit filename="/home/andy/workspace/EmulationStation/es-app/src/guis/GuiScraperMulti.h">
			<Option target="emulationstation"/>
		</Unit>
		<Unit filename="/home/andy/workspace/EmulationStation/es-app/src/guis/GuiScraperStart.cpp">
			<Option target="emulationstation"/>
		</Unit>
		<Unit filename="/home/andy/workspace/EmulationStation/es-app/src/guis/GuiScraperStart.h">
			<Option target="emulationstation"/>
		</Unit>
		<Unit filename="/home/andy/workspace/EmulationStation/es-app/src/guis/GuiSettings.cpp">
			<Option target="emulationstation"/>
		</Unit>
		<Unit filename="/home/andy/workspace/EmulationStation/es-app/src/guis/GuiSettings.h">
			<Option target="emulationstation"/>
		</Unit>
		<Unit filename="/home/andy/workspace/EmulationStation/es-app/src/main.cpp">
			<Option target="emulationstation"/>
		</Unit>
		<Unit filename="/home/andy/workspace/EmulationStation/es-app/src/scrapers/GamesDBScraper.cpp">
			<Option target="emulationstation"/>
		</Unit>
		<Unit filename="/home/andy/workspace/EmulationStation/es-app/src/scrapers/GamesDBScraper.h">
			<Option target="emulationstation"/>
		</Unit>
		<Unit filename="/home/andy/workspace/EmulationStation/es-app/src/scrapers/Scraper.cpp">
			<Option target="emulationstation"/>
		</Unit>
		<Unit filename="/home/andy/workspace/EmulationStation/es-app/src/scrapers/Scraper.h">
			<Option target="emulationstation"/>
		</Unit>
		<Unit filename="/home/andy/workspace/EmulationStation/es-app/src/views/SystemView.cpp">
			<Option target="emulationstation"/>
		</Unit>
		<Unit filename="/home/andy/workspace/EmulationStation/es-app/src/views/SystemView.h">
			<Option target="emulationstation"/>
		</Unit>
		<Unit filename="/home/andy/workspace/EmulationStation/es-app/src/views/ViewController.cpp">
			<Option target="emulationstation"/>
		</Unit>
		<Unit filename="/home/andy/workspace/EmulationStation/es-app/src/views/ViewController.h">
			<Option target="emulationstation"/>
		</Unit>
		<Unit filename="/home/andy/workspace/EmulationStation/es-app/src/views/gamelist/BasicGameListView.cpp">
			<Option target="emulationstation"/>
		</Unit>
		<Unit filename="/home/andy/workspace/EmulationStation/es-app/src/views/gamelist/BasicGameListView.h">
			<Option target="emulationstation"/>
		</Unit>
		<Unit filename="/home/andy/workspace/EmulationStation/es-app/src/views/gamelist/DetailedGameListView.cpp">
			<Option target="emulationstation"/>
		</Unit>
		<Unit filename="/home/andy/workspace/EmulationStation/es-app/src/views/gamelist/DetailedGameListView.h">
			<Option target="emulationstation"/>
		</Unit>
		<Unit filename="/home/andy/workspace/EmulationStation/es-app/src/views/gamelist/GridGameListView.cpp">
			<Option target="emulationstation"/>
		</Unit>
		<Unit filename="/home/andy/workspace/EmulationStation/es-app/src/views/gamelist/GridGameListView.h">
			<Option target="emulationstation"/>
		</Unit>
		<Unit filename="/home/andy/workspace/EmulationStation/es-app/src/views/gamelist/IGameListView.cpp">
			<Option target="emulationstation"/>
		</Unit>
		<Unit filename="/home/andy/workspace/EmulationStation/es-app/src/views/gamelist/IGameListView.h">
			<Option target="emulationstation"/>
		</Unit>
		<Unit filename="/home/andy/workspace/EmulationStation/es-app/src/views/gamelist/ISimpleGameListView.cpp">
			<Option target="emulationstation"/>
		</Unit>
		<Unit filename="/home/andy/workspace/EmulationStation/es-app/src/views/gamelist/ISimpleGameListView.h">
			<Option target="emulationstation"/>
		</Unit>
		<Unit filename="/home/andy/workspace/EmulationStation/es-app/src/views/gamelist/VideoGameListView.cpp">
			<Option target="emulationstation"/>
		</Unit>
		<Unit filename="/home/andy/workspace/EmulationStation/es-app/src/views/gamelist/VideoGameListView.h">
			<Option target="emulationstation"/>
		</Unit>
		<Unit filename="/home/andy/workspace/EmulationStation/CMakeLists.txt">
			<Option virtualFolder="CMake Files\"/>
		</Unit>
		<Unit filename="/home/andy/workspace/EmulationStation/es-core/CMakeLists.txt">
			<Option virtualFolder="CMake Files\es-core\"/>
		</Unit>
		<Unit filename="/home/andy/workspace/EmulationStation/es-core/CMakeLists.txt">
			<Option virtualFolder="CMake Files\es-core\"/>
		</Unit>
		<Unit filename="/home/andy/workspace/EmulationStation/es-app/CMakeLists.txt">
			<Option virtualFolder="CMake Files\es-app\"/>
		</Unit>
		<Unit filename="/home/andy/workspace/EmulationStation/es-app/CMakeLists.txt">
			<Option virtualFolder="CMake Files\es-app\"/>
		</Unit>
		<Unit filename="/home/andy/workspace/EmulationStation/CMake/Packages/FindFreeImage.cmake">
			<Option virtualFolder="CMake Files\CMake\Packages\"/>
		</Unit>
		<Unit filename="/home/andy/workspace/EmulationStation/CMake/Packages/FindSDL2.cmake">
			<Option virtualFolder="CMake Files\CMake\Packages\"/>
		</Unit>
		<Unit filename="/home/andy/workspace/EmulationStation/CMake/Packages/FindEigen3.cmake">
			<Option virtualFolder="CMake Files\CMake\Packages\"/>
		</Unit>
		<Unit filename="/home/andy/workspace/EmulationStation/CMake/Packages/FindVLC.cmake">
			<Option virtualFolder="CMake Files\CMake\Packages\"/>
		</Unit>
		<Unit filename="/home/andy/workspace/EmulationStation/CMake/Packages/MacroEnsureVersion.cmake">
			<Option virtualFolder="CMake Files\CMake\Packages\"/>
		</Unit>
		<Unit filename="/home/andy/workspace/EmulationStation/CMake/Utils/FindPkgMacros.cmake">
			<Option virtualFolder="CMake Files\CMake\Utils\"/>
		</Unit>
		<Unit filename="/home/andy/workspace/EmulationStation/external/CMakeLists.txt">
			<Option virtualFolder="CMake Files\external\"/>
		</Unit>
		<Unit filename="/home/andy/workspace/EmulationStation/external/nanosvg/CMakeLists.txt">
			<Option virtualFolder="CMake Files\external\nanosvg\"/>
		</Unit>
		<Unit filename="/home/andy/workspace/EmulationStation/external/nanosvg/CMakeLists.txt">
			<Option virtualFolder="CMake Files\external\nanosvg\"/>
		</Unit>
		<Unit filename="/home/andy/workspace/EmulationStation/external/pugixml/CMakeLists.txt">
			<Option virtualFolder="CMake Files\external\pugixml\"/>
		</Unit>
		<Unit filename="/home/andy/workspace/EmulationStation/external/pugixml/CMakeLists.txt">
			<Option virtualFolder="CMake Files\external\pugixml\"/>
		</Unit>
	</Project>
</CodeBlocks_project_file>
